
Microsoft Visual Studio Solution File, Format Version 12.00
Project("{FAE04EC0-301F-11D3-BF4B-00C04F79EFBC}") = "Restaurant", "Restaurant\Restaurant.csproj", "{7E3D5597-EC0E-4A98-BED0-839465CA0BAC}"
EndProject
Project("{FAE04EC0-301F-11D3-BF4B-00C04F79EFBC}") = "Restaurant.Application", "Restaurant.Application\Restaurant.Application.csproj", "{5D164466-FD44-4B27-858F-979613A48E8F}"
EndProject
Project("{FAE04EC0-301F-11D3-BF4B-00C04F79EFBC}") = "Restaurant.Infrastructure", "Restaurant.Infrastructure\Restaurant.Infrastructure.csproj", "{059547DD-06A6-4D89-BDC3-247867FDC886}"
EndProject
Project("{FAE04EC0-301F-11D3-BF4B-00C04F79EFBC}") = "Restaurant.Domain", "Restaurant.Domain\Restaurant.Domain.csproj", "{0FD3AF1B-A3E8-47F4-BC5A-05DBB4D6A838}"
EndProject
Project("{FAE04EC0-301F-11D3-BF4B-00C04F79EFBC}") = "Restaurant.Shared", "Restaurant.Shared\Restaurant.Shared.csproj", "{F34F2240-0633-4FF5-93C8-0912A676F905}"
EndProject
Global
	GlobalSection(SolutionConfigurationPlatforms) = preSolution
		Debug|Any CPU = Debug|Any CPU
		Release|Any CPU = Release|Any CPU
	EndGlobalSection
	GlobalSection(ProjectConfigurationPlatforms) = postSolution
		{7E3D5597-EC0E-4A98-BED0-839465CA0BAC}.Debug|Any CPU.ActiveCfg = Debug|Any CPU
		{7E3D5597-EC0E-4A98-BED0-839465CA0BAC}.Debug|Any CPU.Build.0 = Debug|Any CPU
		{7E3D5597-EC0E-4A98-BED0-839465CA0BAC}.Release|Any CPU.ActiveCfg = Release|Any CPU
		{7E3D5597-EC0E-4A98-BED0-839465CA0BAC}.Release|Any CPU.Build.0 = Release|Any CPU
		{5D164466-FD44-4B27-858F-979613A48E8F}.Debug|Any CPU.ActiveCfg = Debug|Any CPU
		{5D164466-FD44-4B27-858F-979613A48E8F}.Debug|Any CPU.Build.0 = Debug|Any CPU
		{5D164466-FD44-4B27-858F-979613A48E8F}.Release|Any CPU.ActiveCfg = Release|Any CPU
		{5D164466-FD44-4B27-858F-979613A48E8F}.Release|Any CPU.Build.0 = Release|Any CPU
		{059547DD-06A6-4D89-BDC3-247867FDC886}.Debug|Any CPU.ActiveCfg = Debug|Any CPU
		{059547DD-06A6-4D89-BDC3-247867FDC886}.Debug|Any CPU.Build.0 = Debug|Any CPU
		{059547DD-06A6-4D89-BDC3-247867FDC886}.Release|Any CPU.ActiveCfg = Release|Any CPU
		{059547DD-06A6-4D89-BDC3-247867FDC886}.Release|Any CPU.Build.0 = Release|Any CPU
		{0FD3AF1B-A3E8-47F4-BC5A-05DBB4D6A838}.Debug|Any CPU.ActiveCfg = Debug|Any CPU
		{0FD3AF1B-A3E8-47F4-BC5A-05DBB4D6A838}.Debug|Any CPU.Build.0 = Debug|Any CPU
		{0FD3AF1B-A3E8-47F4-BC5A-05DBB4D6A838}.Release|Any CPU.ActiveCfg = Release|Any CPU
		{0FD3AF1B-A3E8-47F4-BC5A-05DBB4D6A838}.Release|Any CPU.Build.0 = Release|Any CPU
		{F34F2240-0633-4FF5-93C8-0912A676F905}.Debug|Any CPU.ActiveCfg = Debug|Any CPU
		{F34F2240-0633-4FF5-93C8-0912A676F905}.Debug|Any CPU.Build.0 = Debug|Any CPU
		{F34F2240-0633-4FF5-93C8-0912A676F905}.Release|Any CPU.ActiveCfg = Release|Any CPU
		{F34F2240-0633-4FF5-93C8-0912A676F905}.Release|Any CPU.Build.0 = Release|Any CPU
	EndGlobalSection
EndGlobal
