
Microsoft Visual Studio Solution File, Format Version 12.00
Project("{FAE04EC0-301F-11D3-BF4B-00C04F79EFBC}") = "ViteLoq.Api", "ViteLoq.Api\ViteLoq.Api.csproj", "{33888293-EC98-4CAB-A021-5BC259EBDFD2}"
EndProject
Project("{FAE04EC0-301F-11D3-BF4B-00C04F79EFBC}") = "ViteLoq.Infrastructure", "ViteLoq.Infrastructure\ViteLoq.Infrastructure.csproj", "{5E2B0DE9-7EA8-4FC0-BF32-1AABB884C670}"
EndProject
Project("{FAE04EC0-301F-11D3-BF4B-00C04F79EFBC}") = "ViteLoq.Application", "ViteLoq.Application\ViteLoq.Application.csproj", "{D5473D4C-1261-44A9-91FC-94C7B6E79D01}"
EndProject
Project("{FAE04EC0-301F-11D3-BF4B-00C04F79EFBC}") = "ViteLoq.Domain", "ViteLoq.Domain\ViteLoq.Domain.csproj", "{CDAC8E44-60A5-42D0-BD3E-7403BF9C0D9F}"
EndProject
Project("{FAE04EC0-301F-11D3-BF4B-00C04F79EFBC}") = "ViteLoq.SharedKernel", "ViteLoq.SharedKernel\ViteLoq.SharedKernel.csproj", "{FFDD6BE3-801A-43F7-BBF9-1B8B3077B821}"
EndProject
Global
	GlobalSection(SolutionConfigurationPlatforms) = preSolution
		Debug|Any CPU = Debug|Any CPU
		Release|Any CPU = Release|Any CPU
	EndGlobalSection
	GlobalSection(ProjectConfigurationPlatforms) = postSolution
		{33888293-EC98-4CAB-A021-5BC259EBDFD2}.Debug|Any CPU.ActiveCfg = Debug|Any CPU
		{33888293-EC98-4CAB-A021-5BC259EBDFD2}.Debug|Any CPU.Build.0 = Debug|Any CPU
		{33888293-EC98-4CAB-A021-5BC259EBDFD2}.Release|Any CPU.ActiveCfg = Release|Any CPU
		{33888293-EC98-4CAB-A021-5BC259EBDFD2}.Release|Any CPU.Build.0 = Release|Any CPU
		{5E2B0DE9-7EA8-4FC0-BF32-1AABB884C670}.Debug|Any CPU.ActiveCfg = Debug|Any CPU
		{5E2B0DE9-7EA8-4FC0-BF32-1AABB884C670}.Debug|Any CPU.Build.0 = Debug|Any CPU
		{5E2B0DE9-7EA8-4FC0-BF32-1AABB884C670}.Release|Any CPU.ActiveCfg = Release|Any CPU
		{5E2B0DE9-7EA8-4FC0-BF32-1AABB884C670}.Release|Any CPU.Build.0 = Release|Any CPU
		{D5473D4C-1261-44A9-91FC-94C7B6E79D01}.Debug|Any CPU.ActiveCfg = Debug|Any CPU
		{D5473D4C-1261-44A9-91FC-94C7B6E79D01}.Debug|Any CPU.Build.0 = Debug|Any CPU
		{D5473D4C-1261-44A9-91FC-94C7B6E79D01}.Release|Any CPU.ActiveCfg = Release|Any CPU
		{D5473D4C-1261-44A9-91FC-94C7B6E79D01}.Release|Any CPU.Build.0 = Release|Any CPU
		{CDAC8E44-60A5-42D0-BD3E-7403BF9C0D9F}.Debug|Any CPU.ActiveCfg = Debug|Any CPU
		{CDAC8E44-60A5-42D0-BD3E-7403BF9C0D9F}.Debug|Any CPU.Build.0 = Debug|Any CPU
		{CDAC8E44-60A5-42D0-BD3E-7403BF9C0D9F}.Release|Any CPU.ActiveCfg = Release|Any CPU
		{CDAC8E44-60A5-42D0-BD3E-7403BF9C0D9F}.Release|Any CPU.Build.0 = Release|Any CPU
		{FFDD6BE3-801A-43F7-BBF9-1B8B3077B821}.Debug|Any CPU.ActiveCfg = Debug|Any CPU
		{FFDD6BE3-801A-43F7-BBF9-1B8B3077B821}.Debug|Any CPU.Build.0 = Debug|Any CPU
		{FFDD6BE3-801A-43F7-BBF9-1B8B3077B821}.Release|Any CPU.ActiveCfg = Release|Any CPU
		{FFDD6BE3-801A-43F7-BBF9-1B8B3077B821}.Release|Any CPU.Build.0 = Release|Any CPU
	EndGlobalSection
EndGlobal
